Microsoft Visual Studio Solution File, Format Version 12.00
# Visual Studio 2012
Project("{FAE04EC0-301F-11D3-BF4B-00C04F79EFBC}") = "SpaceGameProject", "SpaceGameProject.csproj", "{084A13AB-0E73-479A-8EB6-41BDF73326C6}"
EndProject
Global
	GlobalSection(SolutionConfigurationPlatforms) = preSolution
	Debug|Any CPU = Debug|Any CPU
	ExportDebug|Any CPU = ExportDebug|Any CPU
	ExportRelease|Any CPU = ExportRelease|Any CPU
	EndGlobalSection
	GlobalSection(ProjectConfigurationPlatforms) = postSolution
		{084A13AB-0E73-479A-8EB6-41BDF73326C6}.Debug|Any CPU.ActiveCfg = Debug|Any CPU
		{084A13AB-0E73-479A-8EB6-41BDF73326C6}.Debug|Any CPU.Build.0 = Debug|Any CPU
		{084A13AB-0E73-479A-8EB6-41BDF73326C6}.ExportDebug|Any CPU.ActiveCfg = ExportDebug|Any CPU
		{084A13AB-0E73-479A-8EB6-41BDF73326C6}.ExportDebug|Any CPU.Build.0 = ExportDebug|Any CPU
		{084A13AB-0E73-479A-8EB6-41BDF73326C6}.ExportRelease|Any CPU.ActiveCfg = ExportRelease|Any CPU
		{084A13AB-0E73-479A-8EB6-41BDF73326C6}.ExportRelease|Any CPU.Build.0 = ExportRelease|Any CPU
	EndGlobalSection
EndGlobal
